
Microsoft Visual Studio Solution File, Format Version 12.00
# Visual Studio Version 17
VisualStudioVersion = 17.0.31903.59
MinimumVisualStudioVersion = 10.0.40219.1
Project("{2150E333-8FDC-42A3-9474-1A3956D46DE8}") = "src", "src", "{827E0CD3-B72D-47B6-A68D-7590B98EB39B}"
EndProject
Project("{FAE04EC0-301F-11D3-BF4B-00C04F79EFBC}") = "NLaya.Onnx", "src\NLaya.Onnx\NLaya.Onnx.csproj", "{703E5E6D-43BF-440C-8E5F-7E02982F9EC3}"
EndProject
Project("{FAE04EC0-301F-11D3-BF4B-00C04F79EFBC}") = "NLaya", "src\NLaya\NLaya.csproj", "{8A6B5353-F701-4B79-8244-C3B61FEEA846}"
EndProject
Project("{FAE04EC0-301F-11D3-BF4B-00C04F79EFBC}") = "NLaya.TorchSharp", "src\NLaya.TorchSharp\NLaya.TorchSharp.csproj", "{7C6AC3D0-265A-4AFF-8264-CB3397871E4A}"
EndProject
Project("{2150E333-8FDC-42A3-9474-1A3956D46DE8}") = "tests", "tests", "{0AB3BF05-4346-4AA6-1389-037BE0695223}"
EndProject
Project("{FAE04EC0-301F-11D3-BF4B-00C04F79EFBC}") = "NLaya.Parity", "tests\NLaya.Parity\NLaya.Parity.csproj", "{559594A1-B9A8-4446-817C-262547B694CC}"
EndProject
Project("{FAE04EC0-301F-11D3-BF4B-00C04F79EFBC}") = "NLaya.Tests", "tests\NLaya.Tests\NLaya.Tests.csproj", "{CD912B4D-D674-4887-8666-F636C8DD26D9}"
EndProject
Project("{2150E333-8FDC-42A3-9474-1A3956D46DE8}") = "samples", "samples", "{5D20AA90-6969-D8BD-9DCD-8634F4692FDA}"
EndProject
Project("{FAE04EC0-301F-11D3-BF4B-00C04F79EFBC}") = "NLaya.Quickstart", "samples\NLaya.Quickstart\NLaya.Quickstart.csproj", "{6F542D5C-0F7E-4B69-9063-DCA869D97E52}"
EndProject
Global
	GlobalSection(SolutionConfigurationPlatforms) = preSolution
		Debug|Any CPU = Debug|Any CPU
		Debug|x64 = Debug|x64
		Debug|x86 = Debug|x86
		Release|Any CPU = Release|Any CPU
		Release|x64 = Release|x64
		Release|x86 = Release|x86
	EndGlobalSection
	GlobalSection(ProjectConfigurationPlatforms) = postSolution
		{703E5E6D-43BF-440C-8E5F-7E02982F9EC3}.Debug|Any CPU.ActiveCfg = Debug|Any CPU
		{703E5E6D-43BF-440C-8E5F-7E02982F9EC3}.Debug|Any CPU.Build.0 = Debug|Any CPU
		{703E5E6D-43BF-440C-8E5F-7E02982F9EC3}.Debug|x64.ActiveCfg = Debug|Any CPU
		{703E5E6D-43BF-440C-8E5F-7E02982F9EC3}.Debug|x64.Build.0 = Debug|Any CPU
		{703E5E6D-43BF-440C-8E5F-7E02982F9EC3}.Debug|x86.ActiveCfg = Debug|Any CPU
		{703E5E6D-43BF-440C-8E5F-7E02982F9EC3}.Debug|x86.Build.0 = Debug|Any CPU
		{703E5E6D-43BF-440C-8E5F-7E02982F9EC3}.Release|Any CPU.ActiveCfg = Release|Any CPU
		{703E5E6D-43BF-440C-8E5F-7E02982F9EC3}.Release|Any CPU.Build.0 = Release|Any CPU
		{703E5E6D-43BF-440C-8E5F-7E02982F9EC3}.Release|x64.ActiveCfg = Release|Any CPU
		{703E5E6D-43BF-440C-8E5F-7E02982F9EC3}.Release|x64.Build.0 = Release|Any CPU
		{703E5E6D-43BF-440C-8E5F-7E02982F9EC3}.Release|x86.ActiveCfg = Release|Any CPU
		{703E5E6D-43BF-440C-8E5F-7E02982F9EC3}.Release|x86.Build.0 = Release|Any CPU
		{8A6B5353-F701-4B79-8244-C3B61FEEA846}.Debug|Any CPU.ActiveCfg = Debug|Any CPU
		{8A6B5353-F701-4B79-8244-C3B61FEEA846}.Debug|Any CPU.Build.0 = Debug|Any CPU
		{8A6B5353-F701-4B79-8244-C3B61FEEA846}.Debug|x64.ActiveCfg = Debug|Any CPU
		{8A6B5353-F701-4B79-8244-C3B61FEEA846}.Debug|x64.Build.0 = Debug|Any CPU
		{8A6B5353-F701-4B79-8244-C3B61FEEA846}.Debug|x86.ActiveCfg = Debug|Any CPU
		{8A6B5353-F701-4B79-8244-C3B61FEEA846}.Debug|x86.Build.0 = Debug|Any CPU
		{8A6B5353-F701-4B79-8244-C3B61FEEA846}.Release|Any CPU.ActiveCfg = Release|Any CPU
		{8A6B5353-F701-4B79-8244-C3B61FEEA846}.Release|Any CPU.Build.0 = Release|Any CPU
		{8A6B5353-F701-4B79-8244-C3B61FEEA846}.Release|x64.ActiveCfg = Release|Any CPU
		{8A6B5353-F701-4B79-8244-C3B61FEEA846}.Release|x64.Build.0 = Release|Any CPU
		{8A6B5353-F701-4B79-8244-C3B61FEEA846}.Release|x86.ActiveCfg = Release|Any CPU
		{8A6B5353-F701-4B79-8244-C3B61FEEA846}.Release|x86.Build.0 = Release|Any CPU
		{7C6AC3D0-265A-4AFF-8264-CB3397871E4A}.Debug|Any CPU.ActiveCfg = Debug|Any CPU
		{7C6AC3D0-265A-4AFF-8264-CB3397871E4A}.Debug|Any CPU.Build.0 = Debug|Any CPU
		{7C6AC3D0-265A-4AFF-8264-CB3397871E4A}.Debug|x64.ActiveCfg = Debug|Any CPU
		{7C6AC3D0-265A-4AFF-8264-CB3397871E4A}.Debug|x64.Build.0 = Debug|Any CPU
		{7C6AC3D0-265A-4AFF-8264-CB3397871E4A}.Debug|x86.ActiveCfg = Debug|Any CPU
		{7C6AC3D0-265A-4AFF-8264-CB3397871E4A}.Debug|x86.Build.0 = Debug|Any CPU
		{7C6AC3D0-265A-4AFF-8264-CB3397871E4A}.Release|Any CPU.ActiveCfg = Release|Any CPU
		{7C6AC3D0-265A-4AFF-8264-CB3397871E4A}.Release|Any CPU.Build.0 = Release|Any CPU
		{7C6AC3D0-265A-4AFF-8264-CB3397871E4A}.Release|x64.ActiveCfg = Release|Any CPU
		{7C6AC3D0-265A-4AFF-8264-CB3397871E4A}.Release|x64.Build.0 = Release|Any CPU
		{7C6AC3D0-265A-4AFF-8264-CB3397871E4A}.Release|x86.ActiveCfg = Release|Any CPU
		{7C6AC3D0-265A-4AFF-8264-CB3397871E4A}.Release|x86.Build.0 = Release|Any CPU
		{559594A1-B9A8-4446-817C-262547B694CC}.Debug|Any CPU.ActiveCfg = Debug|Any CPU
		{559594A1-B9A8-4446-817C-262547B694CC}.Debug|Any CPU.Build.0 = Debug|Any CPU
		{559594A1-B9A8-4446-817C-262547B694CC}.Debug|x64.ActiveCfg = Debug|Any CPU
		{559594A1-B9A8-4446-817C-262547B694CC}.Debug|x64.Build.0 = Debug|Any CPU
		{559594A1-B9A8-4446-817C-262547B694CC}.Debug|x86.ActiveCfg = Debug|Any CPU
		{559594A1-B9A8-4446-817C-262547B694CC}.Debug|x86.Build.0 = Debug|Any CPU
		{559594A1-B9A8-4446-817C-262547B694CC}.Release|Any CPU.ActiveCfg = Release|Any CPU
		{559594A1-B9A8-4446-817C-262547B694CC}.Release|Any CPU.Build.0 = Release|Any CPU
		{559594A1-B9A8-4446-817C-262547B694CC}.Release|x64.ActiveCfg = Release|Any CPU
		{559594A1-B9A8-4446-817C-262547B694CC}.Release|x64.Build.0 = Release|Any CPU
		{559594A1-B9A8-4446-817C-262547B694CC}.Release|x86.ActiveCfg = Release|Any CPU
		{559594A1-B9A8-4446-817C-262547B694CC}.Release|x86.Build.0 = Release|Any CPU
		{CD912B4D-D674-4887-8666-F636C8DD26D9}.Debug|Any CPU.ActiveCfg = Debug|Any CPU
		{CD912B4D-D674-4887-8666-F636C8DD26D9}.Debug|Any CPU.Build.0 = Debug|Any CPU
		{CD912B4D-D674-4887-8666-F636C8DD26D9}.Debug|x64.ActiveCfg = Debug|Any CPU
		{CD912B4D-D674-4887-8666-F636C8DD26D9}.Debug|x64.Build.0 = Debug|Any CPU
		{CD912B4D-D674-4887-8666-F636C8DD26D9}.Debug|x86.ActiveCfg = Debug|Any CPU
		{CD912B4D-D674-4887-8666-F636C8DD26D9}.Debug|x86.Build.0 = Debug|Any CPU
		{CD912B4D-D674-4887-8666-F636C8DD26D9}.Release|Any CPU.ActiveCfg = Release|Any CPU
		{CD912B4D-D674-4887-8666-F636C8DD26D9}.Release|Any CPU.Build.0 = Release|Any CPU
		{CD912B4D-D674-4887-8666-F636C8DD26D9}.Release|x64.ActiveCfg = Release|Any CPU
		{CD912B4D-D674-4887-8666-F636C8DD26D9}.Release|x64.Build.0 = Release|Any CPU
		{CD912B4D-D674-4887-8666-F636C8DD26D9}.Release|x86.ActiveCfg = Release|Any CPU
		{CD912B4D-D674-4887-8666-F636C8DD26D9}.Release|x86.Build.0 = Release|Any CPU
		{6F542D5C-0F7E-4B69-9063-DCA869D97E52}.Debug|Any CPU.ActiveCfg = Debug|Any CPU
		{6F542D5C-0F7E-4B69-9063-DCA869D97E52}.Debug|Any CPU.Build.0 = Debug|Any CPU
		{6F542D5C-0F7E-4B69-9063-DCA869D97E52}.Debug|x64.ActiveCfg = Debug|Any CPU
		{6F542D5C-0F7E-4B69-9063-DCA869D97E52}.Debug|x64.Build.0 = Debug|Any CPU
		{6F542D5C-0F7E-4B69-9063-DCA869D97E52}.Debug|x86.ActiveCfg = Debug|Any CPU
		{6F542D5C-0F7E-4B69-9063-DCA869D97E52}.Debug|x86.Build.0 = Debug|Any CPU
		{6F542D5C-0F7E-4B69-9063-DCA869D97E52}.Release|Any CPU.ActiveCfg = Release|Any CPU
		{6F542D5C-0F7E-4B69-9063-DCA869D97E52}.Release|Any CPU.Build.0 = Release|Any CPU
		{6F542D5C-0F7E-4B69-9063-DCA869D97E52}.Release|x64.ActiveCfg = Release|Any CPU
		{6F542D5C-0F7E-4B69-9063-DCA869D97E52}.Release|x64.Build.0 = Release|Any CPU
		{6F542D5C-0F7E-4B69-9063-DCA869D97E52}.Release|x86.ActiveCfg = Release|Any CPU
		{6F542D5C-0F7E-4B69-9063-DCA869D97E52}.Release|x86.Build.0 = Release|Any CPU
	EndGlobalSection
	GlobalSection(SolutionProperties) = preSolution
		HideSolutionNode = FALSE
	EndGlobalSection
	GlobalSection(NestedProjects) = preSolution
		{703E5E6D-43BF-440C-8E5F-7E02982F9EC3} = {827E0CD3-B72D-47B6-A68D-7590B98EB39B}
		{8A6B5353-F701-4B79-8244-C3B61FEEA846} = {827E0CD3-B72D-47B6-A68D-7590B98EB39B}
		{7C6AC3D0-265A-4AFF-8264-CB3397871E4A} = {827E0CD3-B72D-47B6-A68D-7590B98EB39B}
		{559594A1-B9A8-4446-817C-262547B694CC} = {0AB3BF05-4346-4AA6-1389-037BE0695223}
		{CD912B4D-D674-4887-8666-F636C8DD26D9} = {0AB3BF05-4346-4AA6-1389-037BE0695223}
		{6F542D5C-0F7E-4B69-9063-DCA869D97E52} = {5D20AA90-6969-D8BD-9DCD-8634F4692FDA}
	EndGlobalSection
EndGlobal
